github.com/davecgh/go-spew v1.1.0/go.mod h1:J7Y8YcW2NihsgmVo/mv3lAwl/skON4iLHjSsI+c5H38=
github.com/krig/go-sox v0.0.0-20180617124112-7d2f8ae31981 h1:ir4NRMjkkSP63kAOiFDTQN3dcs0o6c0f1cfpe9V8JT0=
github.com/krig/go-sox v0.0.0-20180617124112-7d2f8ae31981/go.mod h1:0uPmTzngejep+JBRxvlmijKKMexuskpMCzWFp+oFzc4=
github.com/pmezard/go-difflib v1.0.0/go.mod h1:iKH77koFhYxTK1pcRnkKkqfTogsbg7gZNVY4sRDYZ/4=
github.com/stretchr/objx v0.1.0/go.mod h1:HFkY916IF+rwdDfMAkV7OtwuqBVzrE8GR6GFx+wExME=
github.com/stretchr/testify v1.4.0/go.mod h1:j7eGeouHqKxXV5pUuKE4zz7dFj8WfuZ+81PSLYec5m4=
github.com/youpy/go-riff v0.0.0-20131220112943-557d78c11efb h1:RDh7U5Di6o7fblIBe7rVi9KnrcOXUbLwvvLLdP2InSI=
github.com/youpy/go-riff v0.0.0-20131220112943-557d78c11efb/go.mod h1:83nxdDV4Z9RzrTut9losK7ve4hUnxUR8ASSz4BsKXwQ=
gopkg.in/check.v1 v0.0.0-20161208181325-20d25e280405/go.mod h1:Co6ibVJAznAaIkqp8huTwlJQCZ016jof/cbN4VW5Yz0=
gopkg.in/pkg/profile.v1 v1.3.0/go.mod h1:knhHpoyiu3zB9bR/uG9+s8jTFrCOFA3g9Xkh/NCDzJ4=
gopkg.in/yaml.v2 v2.2.2/go.mod h1:hI93XBmqTisBFMUTm0b8Fm+jr3Dg1NNxqwp+5A1VGuI=
